
Microsoft Visual Studio Solution File, Format Version 12.00
# Visual Studio Version 17
VisualStudioVersion = 17.14.37203.1
MinimumVisualStudioVersion = 10.0.40219.1
Project("{FAE04EC0-301F-11D3-BF4B-00C04F79EFBC}") = "Wasaly.PL", "Wasaly.PL\Wasaly.PL.csproj", "{EBF25BF0-BD6F-4D18-B001-4C15C4F79A96}"
EndProject
Project("{FAE04EC0-301F-11D3-BF4B-00C04F79EFBC}") = "Wasaly.BLL", "Wasaly.BLL\Wasaly.BLL.csproj", "{0C099D51-EB61-4160-95D0-AB9B84B120FC}"
EndProject
Project("{FAE04EC0-301F-11D3-BF4B-00C04F79EFBC}") = "Wasaly.DAL", "Wasaly.DAL\Wasaly.DAL.csproj", "{C9BA2D51-32FF-4259-AD33-F1F1B95BD489}"
EndProject
Global
	GlobalSection(SolutionConfigurationPlatforms) = preSolution
		Debug|Any CPU = Debug|Any CPU
		Release|Any CPU = Release|Any CPU
	EndGlobalSection
	GlobalSection(ProjectConfigurationPlatforms) = postSolution
		{EBF25BF0-BD6F-4D18-B001-4C15C4F79A96}.Debug|Any CPU.ActiveCfg = Debug|Any CPU
		{EBF25BF0-BD6F-4D18-B001-4C15C4F79A96}.Debug|Any CPU.Build.0 = Debug|Any CPU
		{EBF25BF0-BD6F-4D18-B001-4C15C4F79A96}.Release|Any CPU.ActiveCfg = Release|Any CPU
		{EBF25BF0-BD6F-4D18-B001-4C15C4F79A96}.Release|Any CPU.Build.0 = Release|Any CPU
		{0C099D51-EB61-4160-95D0-AB9B84B120FC}.Debug|Any CPU.ActiveCfg = Debug|Any CPU
		{0C099D51-EB61-4160-95D0-AB9B84B120FC}.Debug|Any CPU.Build.0 = Debug|Any CPU
		{0C099D51-EB61-4160-95D0-AB9B84B120FC}.Release|Any CPU.ActiveCfg = Release|Any CPU
		{0C099D51-EB61-4160-95D0-AB9B84B120FC}.Release|Any CPU.Build.0 = Release|Any CPU
		{C9BA2D51-32FF-4259-AD33-F1F1B95BD489}.Debug|Any CPU.ActiveCfg = Debug|Any CPU
		{C9BA2D51-32FF-4259-AD33-F1F1B95BD489}.Debug|Any CPU.Build.0 = Debug|Any CPU
		{C9BA2D51-32FF-4259-AD33-F1F1B95BD489}.Release|Any CPU.ActiveCfg = Release|Any CPU
		{C9BA2D51-32FF-4259-AD33-F1F1B95BD489}.Release|Any CPU.Build.0 = Release|Any CPU
	EndGlobalSection
	GlobalSection(SolutionProperties) = preSolution
		HideSolutionNode = FALSE
	EndGlobalSection
	GlobalSection(ExtensibilityGlobals) = postSolution
		SolutionGuid = {17EC4FE0-7D6B-47E6-A802-B76B14F08A55}
	EndGlobalSection
EndGlobal
